
Microsoft Visual Studio Solution File, Format Version 12.00
# Visual Studio Version 17
VisualStudioVersion = 17.5.002.0
MinimumVisualStudioVersion = 10.0.40219.1
Project("{9A19103F-16F7-4668-BE54-9A1E7A4F7556}") = "nacos-dotnet", "nacos-dotnet.csproj", "{30B56B31-C437-4FCB-926B-4C1AAF0577AD}"
EndProject
Global
	GlobalSection(SolutionConfigurationPlatforms) = preSolution
		Debug|Any CPU = Debug|Any CPU
		Release|Any CPU = Release|Any CPU
	EndGlobalSection
	GlobalSection(ProjectConfigurationPlatforms) = postSolution
		{30B56B31-C437-4FCB-926B-4C1AAF0577AD}.Debug|Any CPU.ActiveCfg = Debug|Any CPU
		{30B56B31-C437-4FCB-926B-4C1AAF0577AD}.Debug|Any CPU.Build.0 = Debug|Any CPU
		{30B56B31-C437-4FCB-926B-4C1AAF0577AD}.Release|Any CPU.ActiveCfg = Release|Any CPU
		{30B56B31-C437-4FCB-926B-4C1AAF0577AD}.Release|Any CPU.Build.0 = Release|Any CPU
	EndGlobalSection
	GlobalSection(SolutionProperties) = preSolution
		HideSolutionNode = FALSE
	EndGlobalSection
	GlobalSection(ExtensibilityGlobals) = postSolution
		SolutionGuid = {B8E78799-C4B5-4341-8707-A9FF738CB831}
	EndGlobalSection
EndGlobal
